
Microsoft Visual Studio Solution File, Format Version 12.00
# Visual Studio Version 17
VisualStudioVersion = 17.11.35222.181
MinimumVisualStudioVersion = 10.0.40219.1
Project("{FAE04EC0-301F-11D3-BF4B-00C04F79EFBC}") = "PruebaProgramadorBackendCSharp", "PruebaProgramadorBackendCSharp.csproj", "{13785D6A-96FE-405E-A9FB-C01E5DE65AAA}"
EndProject
Project("{FAE04EC0-301F-11D3-BF4B-00C04F79EFBC}") = "PruebaProgramadorBackendCSharp.Tests", "..\PruebaProgramadorBackendCSharp.Tests\PruebaProgramadorBackendCSharp.Tests.csproj", "{E7017A3C-E91A-411E-89A4-A7CE4CF6AD50}"
EndProject
Global
	GlobalSection(SolutionConfigurationPlatforms) = preSolution
		Debug|Any CPU = Debug|Any CPU
		Debug|x64 = Debug|x64
		Debug|x86 = Debug|x86
		Release|Any CPU = Release|Any CPU
		Release|x64 = Release|x64
		Release|x86 = Release|x86
	EndGlobalSection
	GlobalSection(ProjectConfigurationPlatforms) = postSolution
		{13785D6A-96FE-405E-A9FB-C01E5DE65AAA}.Debug|Any CPU.ActiveCfg = Debug|Any CPU
		{13785D6A-96FE-405E-A9FB-C01E5DE65AAA}.Debug|Any CPU.Build.0 = Debug|Any CPU
		{13785D6A-96FE-405E-A9FB-C01E5DE65AAA}.Debug|x64.ActiveCfg = Debug|Any CPU
		{13785D6A-96FE-405E-A9FB-C01E5DE65AAA}.Debug|x64.Build.0 = Debug|Any CPU
		{13785D6A-96FE-405E-A9FB-C01E5DE65AAA}.Debug|x86.ActiveCfg = Debug|Any CPU
		{13785D6A-96FE-405E-A9FB-C01E5DE65AAA}.Debug|x86.Build.0 = Debug|Any CPU
		{13785D6A-96FE-405E-A9FB-C01E5DE65AAA}.Release|Any CPU.ActiveCfg = Release|Any CPU
		{13785D6A-96FE-405E-A9FB-C01E5DE65AAA}.Release|Any CPU.Build.0 = Release|Any CPU
		{13785D6A-96FE-405E-A9FB-C01E5DE65AAA}.Release|x64.ActiveCfg = Release|Any CPU
		{13785D6A-96FE-405E-A9FB-C01E5DE65AAA}.Release|x64.Build.0 = Release|Any CPU
		{13785D6A-96FE-405E-A9FB-C01E5DE65AAA}.Release|x86.ActiveCfg = Release|Any CPU
		{13785D6A-96FE-405E-A9FB-C01E5DE65AAA}.Release|x86.Build.0 = Release|Any CPU
		{E7017A3C-E91A-411E-89A4-A7CE4CF6AD50}.Debug|Any CPU.ActiveCfg = Debug|Any CPU
		{E7017A3C-E91A-411E-89A4-A7CE4CF6AD50}.Debug|Any CPU.Build.0 = Debug|Any CPU
		{E7017A3C-E91A-411E-89A4-A7CE4CF6AD50}.Debug|x64.ActiveCfg = Debug|Any CPU
		{E7017A3C-E91A-411E-89A4-A7CE4CF6AD50}.Debug|x64.Build.0 = Debug|Any CPU
		{E7017A3C-E91A-411E-89A4-A7CE4CF6AD50}.Debug|x86.ActiveCfg = Debug|Any CPU
		{E7017A3C-E91A-411E-89A4-A7CE4CF6AD50}.Debug|x86.Build.0 = Debug|Any CPU
		{E7017A3C-E91A-411E-89A4-A7CE4CF6AD50}.Release|Any CPU.ActiveCfg = Release|Any CPU
		{E7017A3C-E91A-411E-89A4-A7CE4CF6AD50}.Release|Any CPU.Build.0 = Release|Any CPU
		{E7017A3C-E91A-411E-89A4-A7CE4CF6AD50}.Release|x64.ActiveCfg = Release|Any CPU
		{E7017A3C-E91A-411E-89A4-A7CE4CF6AD50}.Release|x64.Build.0 = Release|Any CPU
		{E7017A3C-E91A-411E-89A4-A7CE4CF6AD50}.Release|x86.ActiveCfg = Release|Any CPU
		{E7017A3C-E91A-411E-89A4-A7CE4CF6AD50}.Release|x86.Build.0 = Release|Any CPU
	EndGlobalSection
	GlobalSection(SolutionProperties) = preSolution
		HideSolutionNode = FALSE
	EndGlobalSection
	GlobalSection(ExtensibilityGlobals) = postSolution
		SolutionGuid = {D0A1FD83-076D-4BD0-879D-6A83C5055CE2}
	EndGlobalSection
EndGlobal
